<?xml version="1.0" encoding="utf-8"?>
<Project ToolsVersion="4.0" xmlns="http://schemas.microsoft.com/developer/msbuild/2003">
  <ItemGroup>
    <Filter Include="Source Files">
      <UniqueIdentifier>{4FC737F1-C7A5-4376-A066-2A32D752A2FF}</UniqueIdentifier>
      <Extensions>cpp;c;cc;cxx;def;odl;idl;hpj;bat;asm;asmx</Extensions>
    </Filter>
    <Filter Include="Header Files">
      <UniqueIdentifier>{93995380-89BD-4b04-88EB-625FBE52EBFB}</UniqueIdentifier>
      <Extensions>h;hh;hpp;hxx;hm;inl;inc;xsd</Extensions>
    </Filter>
    <Filter Include="Resource Files">
      <UniqueIdentifier>{67DA6AB6-F800-4c08-8B7A-83BB121AAD01}</UniqueIdentifier>
      <Extensions>rc;ico;cur;bmp;dlg;rc2;rct;bin;rgs;gif;jpg;jpeg;jpe;resx;tiff;tif;png;wav</Extensions>
    </Filter>
  </ItemGroup>
  <ItemGroup>
    <ClCompile Include="sources\ATD.c">
      <Filter>Source Files</Filter>
    </ClCompile>
    <ClCompile Include="sources\CCD.c">
      <Filter>Source Files</Filter>
    </ClCompile>
    <ClCompile Include="sources\CPU_BUS.c">
      <Filter>Source Files</Filter>
    </ClCompile>
    <ClCompile Include="sources\datapage.c">
      <Filter>Source Files</Filter>
    </ClCompile>
    <ClCompile Include="sources\Events.c">
      <Filter>Source Files</Filter>
    </ClCompile>
    <ClCompile Include="sources\main.c">
      <Filter>Source Files</Filter>
    </ClCompile>
    <ClCompile Include="sources\Oled.C">
      <Filter>Source Files</Filter>
    </ClCompile>
    <ClCompile Include="sources\PC_View.c">
      <Filter>Source Files</Filter>
    </ClCompile>
    <ClCompile Include="sources\PIT.c">
      <Filter>Source Files</Filter>
    </ClCompile>
    <ClCompile Include="sources\Pulse.c">
      <Filter>Source Files</Filter>
    </ClCompile>
    <ClCompile Include="sources\PWM.c">
      <Filter>Source Files</Filter>
    </ClCompile>
    <ClCompile Include="sources\SCI1.c">
      <Filter>Source Files</Filter>
    </ClCompile>
    <ClCompile Include="sources\SPR.c">
      <Filter>Source Files</Filter>
    </ClCompile>
    <ClCompile Include="sources\Start12.c">
      <Filter>Source Files</Filter>
    </ClCompile>
    <ClCompile Include="sources\User.c">
      <Filter>Source Files</Filter>
    </ClCompile>
    <ClCompile Include="Sources\GetLine2.c">
      <Filter>Source Files</Filter>
    </ClCompile>
  </ItemGroup>
  <ItemGroup>
    <ClInclude Include="sources\ATD.H">
      <Filter>Header Files</Filter>
    </ClInclude>
    <ClInclude Include="sources\CCD.h">
      <Filter>Header Files</Filter>
    </ClInclude>
    <ClInclude Include="sources\CPU_BUS.h">
      <Filter>Header Files</Filter>
    </ClInclude>
    <ClInclude Include="sources\derivative.h">
      <Filter>Header Files</Filter>
    </ClInclude>
    <ClInclude Include="sources\Events.h">
      <Filter>Header Files</Filter>
    </ClInclude>
    <ClInclude Include="sources\Include.h">
      <Filter>Header Files</Filter>
    </ClInclude>
    <ClInclude Include="sources\Oled.h">
      <Filter>Header Files</Filter>
    </ClInclude>
    <ClInclude Include="sources\PC_View.h">
      <Filter>Header Files</Filter>
    </ClInclude>
    <ClInclude Include="sources\PIT.h">
      <Filter>Header Files</Filter>
    </ClInclude>
    <ClInclude Include="sources\Pulse.h">
      <Filter>Header Files</Filter>
    </ClInclude>
    <ClInclude Include="sources\PWM.h">
      <Filter>Header Files</Filter>
    </ClInclude>
    <ClInclude Include="sources\SCI1.h">
      <Filter>Header Files</Filter>
    </ClInclude>
    <ClInclude Include="sources\SPR.h">
      <Filter>Header Files</Filter>
    </ClInclude>
    <ClInclude Include="sources\User.h">
      <Filter>Header Files</Filter>
    </ClInclude>
    <ClInclude Include="Sources\orderFormat.h">
      <Filter>Header Files</Filter>
    </ClInclude>
    <ClInclude Include="..\..\..\..\Program Files (x86)\Freescale\CWS12v5.1\lib\hc12c\include\hidef.h">
      <Filter>Header Files</Filter>
    </ClInclude>
    <ClInclude Include="Sources\hidef.h">
      <Filter>Header Files</Filter>
    </ClInclude>
    <ClInclude Include="Sources\CAR.h">
      <Filter>Header Files</Filter>
    </ClInclude>
    <ClInclude Include="Sources\GetLine2.h">
      <Filter>Header Files</Filter>
    </ClInclude>
  </ItemGroup>
</Project>